
Microsoft Visual Studio Solution File, Format Version 12.00
# Visual Studio 15
VisualStudioVersion = 15.0.27428.2015
MinimumVisualStudioVersion = 10.0.40219.1
Project("{FAE04EC0-301F-11D3-BF4B-00C04F79EFBC}") = "NrdAkademija.Web", "NrdAkademija.Web\NrdAkademija.Web.csproj", "{299E9CC2-BF4E-4241-898B-FDC44A13BD24}"
EndProject
Project("{FAE04EC0-301F-11D3-BF4B-00C04F79EFBC}") = "NrdAkademija.Ef", "NrdAkademija.Ef\NrdAkademija.Ef.csproj", "{E497BFC2-BA7C-4E41-A917-14C616845DEB}"
EndProject
Project("{FAE04EC0-301F-11D3-BF4B-00C04F79EFBC}") = "NrdAkademija.Application", "NrdAkademija.Application\NrdAkademija.Application.csproj", "{45EC8343-6895-4507-B4EB-330265D0E369}"
EndProject
Global
	GlobalSection(SolutionConfigurationPlatforms) = preSolution
		Debug|Any CPU = Debug|Any CPU
		Release|Any CPU = Release|Any CPU
	EndGlobalSection
	GlobalSection(ProjectConfigurationPlatforms) = postSolution
		{299E9CC2-BF4E-4241-898B-FDC44A13BD24}.Debug|Any CPU.ActiveCfg = Debug|Any CPU
		{299E9CC2-BF4E-4241-898B-FDC44A13BD24}.Debug|Any CPU.Build.0 = Debug|Any CPU
		{299E9CC2-BF4E-4241-898B-FDC44A13BD24}.Release|Any CPU.ActiveCfg = Release|Any CPU
		{299E9CC2-BF4E-4241-898B-FDC44A13BD24}.Release|Any CPU.Build.0 = Release|Any CPU
		{E497BFC2-BA7C-4E41-A917-14C616845DEB}.Debug|Any CPU.ActiveCfg = Debug|Any CPU
		{E497BFC2-BA7C-4E41-A917-14C616845DEB}.Debug|Any CPU.Build.0 = Debug|Any CPU
		{E497BFC2-BA7C-4E41-A917-14C616845DEB}.Release|Any CPU.ActiveCfg = Release|Any CPU
		{E497BFC2-BA7C-4E41-A917-14C616845DEB}.Release|Any CPU.Build.0 = Release|Any CPU
		{45EC8343-6895-4507-B4EB-330265D0E369}.Debug|Any CPU.ActiveCfg = Debug|Any CPU
		{45EC8343-6895-4507-B4EB-330265D0E369}.Debug|Any CPU.Build.0 = Debug|Any CPU
		{45EC8343-6895-4507-B4EB-330265D0E369}.Release|Any CPU.ActiveCfg = Release|Any CPU
		{45EC8343-6895-4507-B4EB-330265D0E369}.Release|Any CPU.Build.0 = Release|Any CPU
	EndGlobalSection
	GlobalSection(SolutionProperties) = preSolution
		HideSolutionNode = FALSE
	EndGlobalSection
	GlobalSection(ExtensibilityGlobals) = postSolution
		SolutionGuid = {04A80662-2F86-447E-9DA7-DB9F4106600E}
	EndGlobalSection
EndGlobal
